{
   "name": "jtm",
   "version": "0.0.3-rc",
   "lockfileVersion": 2,
   "requires": true,
   "packages": {
      "": {
         "version": "0.0.3-rc",
         "license": "ISC",
         "dependencies": {
            "jtm": "*"
         },
         "bin": {
            "jtm": "bin/index.js"
         }
      },
      "node_modules/jtm": {
         "version": "0.0.3-rc",
         "resolved": "https://registry.npmjs.org/jtm/-/jtm-0.0.3-rc.tgz",
         "integrity": "sha512-gNkkeUSFeLMwwWyhDOC9lCUYDLgVTnNdmeEKiCPARRUOCZZrISusNuc5USUALlLCA9MVwRviA+N/z3TwDTf9Gg==",
         "bin": {
            "jtm": "bin/index.js"
         }
      }
   },
   "dependencies": {
      "jtm": {
         "version": "0.0.3-rc",
         "resolved": "https://registry.npmjs.org/jtm/-/jtm-0.0.3-rc.tgz",
         "integrity": "sha512-gNkkeUSFeLMwwWyhDOC9lCUYDLgVTnNdmeEKiCPARRUOCZZrISusNuc5USUALlLCA9MVwRviA+N/z3TwDTf9Gg=="
      }
   }
}
