{
   "name": "jtm",
   "version": "0.0.9",
   "lockfileVersion": 2,
   "requires": true,
   "packages": {
      "": {
         "version": "0.0.9",
         "license": "ISC",
         "dependencies": {
            "jtm": "^0.0.9"
         },
         "bin": {
            "jtm": "bin/index.js"
         }
      },
      "node_modules/jtm": {
         "version": "0.0.9",
         "resolved": "https://registry.npmjs.org/jtm/-/jtm-0.0.9.tgz",
         "integrity": "sha512-24s0j8e9nNKgy/75Sb6gcxMTm/EVd/xar0CDTHrGCyASAQwOxAHGHoy2PVMAMcJq1n0zJRRa9js0n5r7iYDkqA==",
         "bin": {
            "jtm": "bin/index.js"
         }
      }
   },
   "dependencies": {
      "jtm": {
         "version": "0.0.9",
         "resolved": "https://registry.npmjs.org/jtm/-/jtm-0.0.9.tgz",
         "integrity": "sha512-24s0j8e9nNKgy/75Sb6gcxMTm/EVd/xar0CDTHrGCyASAQwOxAHGHoy2PVMAMcJq1n0zJRRa9js0n5r7iYDkqA=="
      }
   }
}
